{
  "name": "maqfer-site",
  "version": "1.0.0",
  "lockfileVersion": 3,
  "requires": true,
  "author": "gab alves",
  "description": "Site institucional da Maqfer",
  "packages": {
    "": {
      "name": "maqfer-site",
      "version": "1.0.0"
    }
  },
  "scripts": {
    "start": "npx open site.html"
  }
}
